
Microsoft Visual Studio Solution File, Format Version 12.00
# Visual Studio Version 16
VisualStudioVersion = 16.0.29709.97
MinimumVisualStudioVersion = 10.0.40219.1
Project("{9A19103F-16F7-4668-BE54-9A1E7A4F7556}") = "EnergyTechAudit.Docker.Test", "EnergyTechAudit.Docker.Test\EnergyTechAudit.Docker.Test.csproj", "{5CD545D1-3862-4035-BC9F-0BAA4857E99E}"
EndProject
Global
	GlobalSection(SolutionConfigurationPlatforms) = preSolution
		Debug|Any CPU = Debug|Any CPU
		Release|Any CPU = Release|Any CPU
	EndGlobalSection
	GlobalSection(ProjectConfigurationPlatforms) = postSolution
		{5CD545D1-3862-4035-BC9F-0BAA4857E99E}.Debug|Any CPU.ActiveCfg = Debug|Any CPU
		{5CD545D1-3862-4035-BC9F-0BAA4857E99E}.Debug|Any CPU.Build.0 = Debug|Any CPU
		{5CD545D1-3862-4035-BC9F-0BAA4857E99E}.Release|Any CPU.ActiveCfg = Release|Any CPU
		{5CD545D1-3862-4035-BC9F-0BAA4857E99E}.Release|Any CPU.Build.0 = Release|Any CPU
	EndGlobalSection
	GlobalSection(SolutionProperties) = preSolution
		HideSolutionNode = FALSE
	EndGlobalSection
	GlobalSection(ExtensibilityGlobals) = postSolution
		SolutionGuid = {1DF7198F-2B11-4797-B5C7-DBB974E2783F}
	EndGlobalSection
EndGlobal
